PODS:
  - ReachabilitySwift (4.1.0)
  - RxBlocking (4.1.2):
    - RxSwift (~> 4.0)
  - RxCocoa (4.1.2):
    - RxSwift (~> 4.0)
  - RxReachability (0.1.4):
    - ReachabilitySwift (~> 4)
    - RxCocoa (~> 4)
    - RxSwift (~> 4)
  - RxSwift (4.1.2)
  - RxTest (4.1.2):
    - RxSwift (~> 4.0)
  - SwiftFP (1.0.1):
    - SwiftFP/Main (= 1.0.1)
  - SwiftFP/Main (1.0.1)
  - SwiftUIUtilities/Main (1.6.0):
    - SwiftUtilities/Main
  - SwiftUtilities/Main (1.4.6):
    - SwiftFP (~> 1.0.1)
  - SwiftUtilities/Main+Rx (1.4.6):
    - RxBlocking (~> 4.0)
    - RxCocoa (~> 4.0)
    - RxSwift (~> 4.0)
    - SwiftFP (~> 1.0.1)
  - SwiftUtilitiesTests/Main+Rx (1.4.6):
    - RxBlocking (~> 4.0)
    - RxCocoa (~> 4.0)
    - RxSwift (~> 4.0)
    - RxTest (~> 4.0)

DEPENDENCIES:
  - RxReachability (from `https://github.com/ivanbruel/RxReachability.git`)
  - SwiftFP/Main (from `https://github.com/protoman92/SwiftFP.git`)
  - SwiftUIUtilities/Main (from `https://github.com/protoman92/SwiftUIUtilities.git`)
  - SwiftUtilities/Main+Rx (from `https://github.com/protoman92/SwiftUtilities.git`)
  - SwiftUtilitiesTests/Main+Rx (from `https://github.com/protoman92/SwiftUtilities.git`)

EXTERNAL SOURCES:
  RxReachability:
    :git: https://github.com/ivanbruel/RxReachability.git
  SwiftFP:
    :git: https://github.com/protoman92/SwiftFP.git
  SwiftUIUtilities:
    :git: https://github.com/protoman92/SwiftUIUtilities.git
  SwiftUtilities:
    :git: https://github.com/protoman92/SwiftUtilities.git
  SwiftUtilitiesTests:
    :git: https://github.com/protoman92/SwiftUtilities.git

CHECKOUT OPTIONS:
  RxReachability:
    :commit: c44437ec43b62d435931608472430bbe0e5a2c92
    :git: https://github.com/ivanbruel/RxReachability.git
  SwiftFP:
    :commit: eb32feb8cfb44c2d69431ec4cae455daf73339a7
    :git: https://github.com/protoman92/SwiftFP.git
  SwiftUIUtilities:
    :commit: c61523950d92ba1f16f2f68e7ab34ecfbbe540d6
    :git: https://github.com/protoman92/SwiftUIUtilities.git
  SwiftUtilities:
    :commit: 7a3e200e71ec3048177eced1e5eb1d201c9e2502
    :git: https://github.com/protoman92/SwiftUtilities.git
  SwiftUtilitiesTests:
    :commit: 7a3e200e71ec3048177eced1e5eb1d201c9e2502
    :git: https://github.com/protoman92/SwiftUtilities.git

SPEC CHECKSUMS:
  ReachabilitySwift: 6849231cd4e06559f3b9ef4a97a0a0f96d41e09f
  RxBlocking: f6054985901412fc8c02daa84e92d4ba68c61389
  RxCocoa: d88ba0f1f6abf040011a9eb4b539324fc426843a
  RxReachability: 6e16525bd709156e3af76f12fd0d60ff887bbfc2
  RxSwift: e49536837d9901277638493ea537394d4b55f570
  RxTest: e634f15fd2c2cd0e0120132ef7a4f7be69ad0393
  SwiftFP: 25277c3c13de8b45771702a77443cd1d3c2761b2
  SwiftUIUtilities: 4c540492fe56917d38beacf9a02b5d54c4dcba19
  SwiftUtilities: f7e2e01683284be61a2e5f2b2e5cfa9096cc6b5d
  SwiftUtilitiesTests: 51ad0d8703fbfa924ade7609453a2b4783f23f29

PODFILE CHECKSUM: fa2e1bc35b356ea31486c5a262c084f06a92aa1a

COCOAPODS: 1.4.0
